
Microsoft Visual Studio Solution File, Format Version 12.00
# Visual Studio 15
VisualStudioVersion = 15.0.26730.16
MinimumVisualStudioVersion = 10.0.40219.1
Project("{9A19103F-16F7-4668-BE54-9A1E7A4F7556}") = "illNES.CPU", "src\illNES.CPU\illNES.CPU.csproj", "{8D148155-3E08-4CA9-A068-5D7770C5AC65}"
EndProject
Project("{9A19103F-16F7-4668-BE54-9A1E7A4F7556}") = "illNES.CPU.Test", "test\illNES.CPU.Test\illNES.CPU.Test.csproj", "{ADD392AB-4500-43DA-983A-9E6D32FE9302}"
EndProject
Global
	GlobalSection(SolutionConfigurationPlatforms) = preSolution
		Debug|Any CPU = Debug|Any CPU
		Release|Any CPU = Release|Any CPU
	EndGlobalSection
	GlobalSection(ProjectConfigurationPlatforms) = postSolution
		{8D148155-3E08-4CA9-A068-5D7770C5AC65}.Debug|Any CPU.ActiveCfg = Debug|Any CPU
		{8D148155-3E08-4CA9-A068-5D7770C5AC65}.Debug|Any CPU.Build.0 = Debug|Any CPU
		{8D148155-3E08-4CA9-A068-5D7770C5AC65}.Release|Any CPU.ActiveCfg = Release|Any CPU
		{8D148155-3E08-4CA9-A068-5D7770C5AC65}.Release|Any CPU.Build.0 = Release|Any CPU
		{ADD392AB-4500-43DA-983A-9E6D32FE9302}.Debug|Any CPU.ActiveCfg = Debug|Any CPU
		{ADD392AB-4500-43DA-983A-9E6D32FE9302}.Debug|Any CPU.Build.0 = Debug|Any CPU
		{ADD392AB-4500-43DA-983A-9E6D32FE9302}.Release|Any CPU.ActiveCfg = Release|Any CPU
		{ADD392AB-4500-43DA-983A-9E6D32FE9302}.Release|Any CPU.Build.0 = Release|Any CPU
	EndGlobalSection
	GlobalSection(SolutionProperties) = preSolution
		HideSolutionNode = FALSE
	EndGlobalSection
	GlobalSection(ExtensibilityGlobals) = postSolution
		SolutionGuid = {8E1B2703-2FCC-4E8A-AABB-9BB3DA3E0E7C}
	EndGlobalSection
EndGlobal
